
Microsoft Visual Studio Solution File, Format Version 12.00
# Visual Studio Version 17
VisualStudioVersion = 17.5.33530.505
MinimumVisualStudioVersion = 10.0.40219.1
Project("{FAE04EC0-301F-11D3-BF4B-00C04F79EFBC}") = "CalculatorTest.API", "CalculatorTest.API\CalculatorTest.API.csproj", "{10A1436C-183A-4CB5-A363-5D965A7B7D6C}"
EndProject
Project("{FAE04EC0-301F-11D3-BF4B-00C04F79EFBC}") = "CalculatorTest.Web", "CalculatorTest.Web\CalculatorTest.Web.csproj", "{C08131A6-7B6B-4980-B2D7-AA3CACC83EBD}"
EndProject
Project("{FAE04EC0-301F-11D3-BF4B-00C04F79EFBC}") = "CalculatorTest.Lib", "CalculatorTest.Lib\CalculatorTest.Lib.csproj", "{E392D880-CC77-48A7-A112-87A1BDC97F70}"
EndProject
Project("{FAE04EC0-301F-11D3-BF4B-00C04F79EFBC}") = "CalculatorTest.Test", "CalculatorTest.Test\CalculatorTest.Test.csproj", "{2EC5D11E-FCB1-4B04-96B6-2999B533A13C}"
EndProject
Global
	GlobalSection(SolutionConfigurationPlatforms) = preSolution
		Debug|Any CPU = Debug|Any CPU
		Release|Any CPU = Release|Any CPU
	EndGlobalSection
	GlobalSection(ProjectConfigurationPlatforms) = postSolution
		{10A1436C-183A-4CB5-A363-5D965A7B7D6C}.Debug|Any CPU.ActiveCfg = Debug|Any CPU
		{10A1436C-183A-4CB5-A363-5D965A7B7D6C}.Debug|Any CPU.Build.0 = Debug|Any CPU
		{10A1436C-183A-4CB5-A363-5D965A7B7D6C}.Release|Any CPU.ActiveCfg = Release|Any CPU
		{10A1436C-183A-4CB5-A363-5D965A7B7D6C}.Release|Any CPU.Build.0 = Release|Any CPU
		{C08131A6-7B6B-4980-B2D7-AA3CACC83EBD}.Debug|Any CPU.ActiveCfg = Debug|Any CPU
		{C08131A6-7B6B-4980-B2D7-AA3CACC83EBD}.Debug|Any CPU.Build.0 = Debug|Any CPU
		{C08131A6-7B6B-4980-B2D7-AA3CACC83EBD}.Release|Any CPU.ActiveCfg = Release|Any CPU
		{C08131A6-7B6B-4980-B2D7-AA3CACC83EBD}.Release|Any CPU.Build.0 = Release|Any CPU
		{E392D880-CC77-48A7-A112-87A1BDC97F70}.Debug|Any CPU.ActiveCfg = Debug|Any CPU
		{E392D880-CC77-48A7-A112-87A1BDC97F70}.Debug|Any CPU.Build.0 = Debug|Any CPU
		{E392D880-CC77-48A7-A112-87A1BDC97F70}.Release|Any CPU.ActiveCfg = Release|Any CPU
		{E392D880-CC77-48A7-A112-87A1BDC97F70}.Release|Any CPU.Build.0 = Release|Any CPU
		{2EC5D11E-FCB1-4B04-96B6-2999B533A13C}.Debug|Any CPU.ActiveCfg = Debug|Any CPU
		{2EC5D11E-FCB1-4B04-96B6-2999B533A13C}.Debug|Any CPU.Build.0 = Debug|Any CPU
		{2EC5D11E-FCB1-4B04-96B6-2999B533A13C}.Release|Any CPU.ActiveCfg = Release|Any CPU
		{2EC5D11E-FCB1-4B04-96B6-2999B533A13C}.Release|Any CPU.Build.0 = Release|Any CPU
	EndGlobalSection
	GlobalSection(SolutionProperties) = preSolution
		HideSolutionNode = FALSE
	EndGlobalSection
	GlobalSection(ExtensibilityGlobals) = postSolution
		SolutionGuid = {20FFD547-E152-4CEC-9DBB-FB6C8D3AB924}
	EndGlobalSection
EndGlobal
